
Microsoft Visual Studio Solution File, Format Version 12.00
# Visual Studio 14
VisualStudioVersion = 14.0.25420.1
MinimumVisualStudioVersion = 10.0.40219.1
Project("{FAE04EC0-301F-11D3-BF4B-00C04F79EFBC}") = "MarsRover", "MarsRover\MarsRover.csproj", "{A17084F3-84A4-4E12-8E27-58F9A5EF422E}"
EndProject
Project("{FAE04EC0-301F-11D3-BF4B-00C04F79EFBC}") = "MarsRoverTest", "UnitTestProject1\MarsRoverTest.csproj", "{2A634A22-08CE-43C7-ADED-49AA666F83D4}"
EndProject
Global
	GlobalSection(SolutionConfigurationPlatforms) = preSolution
		Debug|Any CPU = Debug|Any CPU
		Release|Any CPU = Release|Any CPU
	EndGlobalSection
	GlobalSection(ProjectConfigurationPlatforms) = postSolution
		{A17084F3-84A4-4E12-8E27-58F9A5EF422E}.Debug|Any CPU.ActiveCfg = Debug|Any CPU
		{A17084F3-84A4-4E12-8E27-58F9A5EF422E}.Debug|Any CPU.Build.0 = Debug|Any CPU
		{A17084F3-84A4-4E12-8E27-58F9A5EF422E}.Release|Any CPU.ActiveCfg = Release|Any CPU
		{A17084F3-84A4-4E12-8E27-58F9A5EF422E}.Release|Any CPU.Build.0 = Release|Any CPU
		{2A634A22-08CE-43C7-ADED-49AA666F83D4}.Debug|Any CPU.ActiveCfg = Debug|Any CPU
		{2A634A22-08CE-43C7-ADED-49AA666F83D4}.Debug|Any CPU.Build.0 = Debug|Any CPU
		{2A634A22-08CE-43C7-ADED-49AA666F83D4}.Release|Any CPU.ActiveCfg = Release|Any CPU
		{2A634A22-08CE-43C7-ADED-49AA666F83D4}.Release|Any CPU.Build.0 = Release|Any CPU
	EndGlobalSection
	GlobalSection(SolutionProperties) = preSolution
		HideSolutionNode = FALSE
	EndGlobalSection
EndGlobal
